
Microsoft Visual Studio Solution File, Format Version 12.00
# Visual Studio 2013
VisualStudioVersion = 12.0.31101.0
MinimumVisualStudioVersion = 10.0.40219.1
Project("{FAE04EC0-301F-11D3-BF4B-00C04F79EFBC}") = "MessageProcessor", "MessageProcessor\MessageProcessor.csproj", "{CE2EFA5A-1BE1-496A-ADC2-7689F6D3098F}"
EndProject
Project("{FAE04EC0-301F-11D3-BF4B-00C04F79EFBC}") = "MessageProcessorTests", "MessageProcessorTests\MessageProcessorTests.csproj", "{F2E06FB3-3107-4D2B-A2C7-7F16772383AD}"
EndProject
Global
	GlobalSection(SolutionConfigurationPlatforms) = preSolution
		Debug|Any CPU = Debug|Any CPU
		Release|Any CPU = Release|Any CPU
	EndGlobalSection
	GlobalSection(ProjectConfigurationPlatforms) = postSolution
		{CE2EFA5A-1BE1-496A-ADC2-7689F6D3098F}.Debug|Any CPU.ActiveCfg = Debug|Any CPU
		{CE2EFA5A-1BE1-496A-ADC2-7689F6D3098F}.Debug|Any CPU.Build.0 = Debug|Any CPU
		{CE2EFA5A-1BE1-496A-ADC2-7689F6D3098F}.Release|Any CPU.ActiveCfg = Release|Any CPU
		{CE2EFA5A-1BE1-496A-ADC2-7689F6D3098F}.Release|Any CPU.Build.0 = Release|Any CPU
		{F2E06FB3-3107-4D2B-A2C7-7F16772383AD}.Debug|Any CPU.ActiveCfg = Debug|Any CPU
		{F2E06FB3-3107-4D2B-A2C7-7F16772383AD}.Debug|Any CPU.Build.0 = Debug|Any CPU
		{F2E06FB3-3107-4D2B-A2C7-7F16772383AD}.Release|Any CPU.ActiveCfg = Release|Any CPU
		{F2E06FB3-3107-4D2B-A2C7-7F16772383AD}.Release|Any CPU.Build.0 = Release|Any CPU
	EndGlobalSection
	GlobalSection(SolutionProperties) = preSolution
		HideSolutionNode = FALSE
	EndGlobalSection
EndGlobal
